
Microsoft Visual Studio Solution File, Format Version 12.00
# Visual Studio 15
VisualStudioVersion = 15.0.28307.902
MinimumVisualStudioVersion = 10.0.40219.1
Project("{888888A0-9F3D-457C-B088-3A5042F75D52}") = "FlaskWebProject1", "FlaskWebProject1\FlaskWebProject1.pyproj", "{D07B76A2-A7C7-43F1-8725-D61EC6688351}"
EndProject
Global
	GlobalSection(SolutionConfigurationPlatforms) = preSolution
		Debug|Any CPU = Debug|Any CPU
		Release|Any CPU = Release|Any CPU
	EndGlobalSection
	GlobalSection(ProjectConfigurationPlatforms) = postSolution
		{D07B76A2-A7C7-43F1-8725-D61EC6688351}.Debug|Any CPU.ActiveCfg = Debug|Any CPU
		{D07B76A2-A7C7-43F1-8725-D61EC6688351}.Debug|Any CPU.Build.0 = Debug|Any CPU
		{D07B76A2-A7C7-43F1-8725-D61EC6688351}.Release|Any CPU.ActiveCfg = Release|Any CPU
		{D07B76A2-A7C7-43F1-8725-D61EC6688351}.Release|Any CPU.Build.0 = Release|Any CPU
	EndGlobalSection
	GlobalSection(SolutionProperties) = preSolution
		HideSolutionNode = FALSE
	EndGlobalSection
	GlobalSection(ExtensibilityGlobals) = postSolution
		SolutionGuid = {EF67B693-A99F-4B1A-AD25-7EEE338ECE0F}
	EndGlobalSection
EndGlobal
